
Microsoft Visual Studio Solution File, Format Version 12.00
# Visual Studio Version 16
VisualStudioVersion = 16.0.31019.35
MinimumVisualStudioVersion = 10.0.40219.1
Project("{F2A71F9B-5D33-465A-A702-920D77279786}") = "FirstFSharpTest", "FirstFSharpTest.fsproj", "{D482DD2B-580A-4763-8CE7-4A5BD778DAB0}"
EndProject
Global
	GlobalSection(SolutionConfigurationPlatforms) = preSolution
		Debug|Any CPU = Debug|Any CPU
		Release|Any CPU = Release|Any CPU
	EndGlobalSection
	GlobalSection(ProjectConfigurationPlatforms) = postSolution
		{D482DD2B-580A-4763-8CE7-4A5BD778DAB0}.Debug|Any CPU.ActiveCfg = Debug|Any CPU
		{D482DD2B-580A-4763-8CE7-4A5BD778DAB0}.Debug|Any CPU.Build.0 = Debug|Any CPU
		{D482DD2B-580A-4763-8CE7-4A5BD778DAB0}.Release|Any CPU.ActiveCfg = Release|Any CPU
		{D482DD2B-580A-4763-8CE7-4A5BD778DAB0}.Release|Any CPU.Build.0 = Release|Any CPU
	EndGlobalSection
	GlobalSection(SolutionProperties) = preSolution
		HideSolutionNode = FALSE
	EndGlobalSection
	GlobalSection(ExtensibilityGlobals) = postSolution
		SolutionGuid = {22358FD8-4CFA-4419-85B6-65177BA43268}
	EndGlobalSection
EndGlobal
