
Microsoft Visual Studio Solution File, Format Version 12.00
# Visual Studio Version 16
VisualStudioVersion = 16.0.31019.35
MinimumVisualStudioVersion = 10.0.40219.1
Project("{FAE04EC0-301F-11D3-BF4B-00C04F79EFBC}") = "KnowledgeTestinator", "KnowledgeTestinator\KnowledgeTestinator.csproj", "{4344D295-D7B7-4676-A9E5-D5308586CCC9}"
EndProject
Project("{FAE04EC0-301F-11D3-BF4B-00C04F79EFBC}") = "KnowledgeTestinatorTest", "KnowledgeTestinatorTest\KnowledgeTestinatorTest.csproj", "{6C696BFC-2E9F-4D10-9D72-D340AB86B520}"
EndProject
Global
	GlobalSection(SolutionConfigurationPlatforms) = preSolution
		Debug|Any CPU = Debug|Any CPU
		Release|Any CPU = Release|Any CPU
	EndGlobalSection
	GlobalSection(ProjectConfigurationPlatforms) = postSolution
		{4344D295-D7B7-4676-A9E5-D5308586CCC9}.Debug|Any CPU.ActiveCfg = Debug|Any CPU
		{4344D295-D7B7-4676-A9E5-D5308586CCC9}.Debug|Any CPU.Build.0 = Debug|Any CPU
		{4344D295-D7B7-4676-A9E5-D5308586CCC9}.Release|Any CPU.ActiveCfg = Release|Any CPU
		{4344D295-D7B7-4676-A9E5-D5308586CCC9}.Release|Any CPU.Build.0 = Release|Any CPU
		{6C696BFC-2E9F-4D10-9D72-D340AB86B520}.Debug|Any CPU.ActiveCfg = Debug|Any CPU
		{6C696BFC-2E9F-4D10-9D72-D340AB86B520}.Debug|Any CPU.Build.0 = Debug|Any CPU
		{6C696BFC-2E9F-4D10-9D72-D340AB86B520}.Release|Any CPU.ActiveCfg = Release|Any CPU
		{6C696BFC-2E9F-4D10-9D72-D340AB86B520}.Release|Any CPU.Build.0 = Release|Any CPU
	EndGlobalSection
	GlobalSection(SolutionProperties) = preSolution
		HideSolutionNode = FALSE
	EndGlobalSection
	GlobalSection(ExtensibilityGlobals) = postSolution
		SolutionGuid = {8B70259B-F9AF-4D28-8EEE-F0603C534407}
	EndGlobalSection
EndGlobal
