
Microsoft Visual Studio Solution File, Format Version 12.00
# Visual Studio Version 16
VisualStudioVersion = 16.0.30011.22
MinimumVisualStudioVersion = 10.0.40219.1
Project("{FAE04EC0-301F-11D3-BF4B-00C04F79EFBC}") = "Proposal.WebApi", "Proposal.WebApi\Proposal.WebApi.csproj", "{B088377F-F9E1-451F-B1CC-3176E8E1B5C8}"
EndProject
Project("{9A19103F-16F7-4668-BE54-9A1E7A4F7556}") = "ProposalValidator.Application", "ProposalValidator.Application\ProposalValidator.Application.csproj", "{7ACE3A48-95CD-459B-A01F-72A159EA7392}"
EndProject
Project("{9A19103F-16F7-4668-BE54-9A1E7A4F7556}") = "ProposalValidator.Domain", "ProposalValidator.Domain\ProposalValidator.Domain.csproj", "{65D6AFEE-ED34-4FC5-B9CE-7B42D77C3720}"
EndProject
Project("{9A19103F-16F7-4668-BE54-9A1E7A4F7556}") = "ProposalValidator.Handler", "ProposalValidator.Handler\ProposalValidator.Handler.csproj", "{766E30A8-19C2-49EA-B427-2097BF1C3445}"
EndProject
Global
	GlobalSection(SolutionConfigurationPlatforms) = preSolution
		Debug|Any CPU = Debug|Any CPU
		Release|Any CPU = Release|Any CPU
	EndGlobalSection
	GlobalSection(ProjectConfigurationPlatforms) = postSolution
		{B088377F-F9E1-451F-B1CC-3176E8E1B5C8}.Debug|Any CPU.ActiveCfg = Debug|Any CPU
		{B088377F-F9E1-451F-B1CC-3176E8E1B5C8}.Debug|Any CPU.Build.0 = Debug|Any CPU
		{B088377F-F9E1-451F-B1CC-3176E8E1B5C8}.Release|Any CPU.ActiveCfg = Release|Any CPU
		{B088377F-F9E1-451F-B1CC-3176E8E1B5C8}.Release|Any CPU.Build.0 = Release|Any CPU
		{7ACE3A48-95CD-459B-A01F-72A159EA7392}.Debug|Any CPU.ActiveCfg = Debug|Any CPU
		{7ACE3A48-95CD-459B-A01F-72A159EA7392}.Debug|Any CPU.Build.0 = Debug|Any CPU
		{7ACE3A48-95CD-459B-A01F-72A159EA7392}.Release|Any CPU.ActiveCfg = Release|Any CPU
		{7ACE3A48-95CD-459B-A01F-72A159EA7392}.Release|Any CPU.Build.0 = Release|Any CPU
		{65D6AFEE-ED34-4FC5-B9CE-7B42D77C3720}.Debug|Any CPU.ActiveCfg = Debug|Any CPU
		{65D6AFEE-ED34-4FC5-B9CE-7B42D77C3720}.Debug|Any CPU.Build.0 = Debug|Any CPU
		{65D6AFEE-ED34-4FC5-B9CE-7B42D77C3720}.Release|Any CPU.ActiveCfg = Release|Any CPU
		{65D6AFEE-ED34-4FC5-B9CE-7B42D77C3720}.Release|Any CPU.Build.0 = Release|Any CPU
		{766E30A8-19C2-49EA-B427-2097BF1C3445}.Debug|Any CPU.ActiveCfg = Debug|Any CPU
		{766E30A8-19C2-49EA-B427-2097BF1C3445}.Debug|Any CPU.Build.0 = Debug|Any CPU
		{766E30A8-19C2-49EA-B427-2097BF1C3445}.Release|Any CPU.ActiveCfg = Release|Any CPU
		{766E30A8-19C2-49EA-B427-2097BF1C3445}.Release|Any CPU.Build.0 = Release|Any CPU
	EndGlobalSection
	GlobalSection(SolutionProperties) = preSolution
		HideSolutionNode = FALSE
	EndGlobalSection
	GlobalSection(ExtensibilityGlobals) = postSolution
		SolutionGuid = {95B5DC82-1B7C-4CCA-8994-6AC24CFC8F61}
	EndGlobalSection
EndGlobal
