
Microsoft Visual Studio Solution File, Format Version 12.00
# Visual Studio Version 17
VisualStudioVersion = 17.1.32319.34
MinimumVisualStudioVersion = 10.0.40219.1
Project("{FAE04EC0-301F-11D3-BF4B-00C04F79EFBC}") = "Ocelot", "Ocelot\Ocelot.csproj", "{ED4A34A3-EB1F-4CBD-8556-9E19E547A5CF}"
EndProject
Project("{FAE04EC0-301F-11D3-BF4B-00C04F79EFBC}") = "Gateway", "Gateway\Gateway.csproj", "{CEF14852-19C1-4971-8972-05BFBA3209E7}"
EndProject
Project("{FAE04EC0-301F-11D3-BF4B-00C04F79EFBC}") = "User", "User\User.csproj", "{D0060093-AEB0-485A-8430-3B49B86433BE}"
EndProject
Global
	GlobalSection(SolutionConfigurationPlatforms) = preSolution
		Debug|Any CPU = Debug|Any CPU
		Release|Any CPU = Release|Any CPU
	EndGlobalSection
	GlobalSection(ProjectConfigurationPlatforms) = postSolution
		{ED4A34A3-EB1F-4CBD-8556-9E19E547A5CF}.Debug|Any CPU.ActiveCfg = Debug|Any CPU
		{ED4A34A3-EB1F-4CBD-8556-9E19E547A5CF}.Debug|Any CPU.Build.0 = Debug|Any CPU
		{ED4A34A3-EB1F-4CBD-8556-9E19E547A5CF}.Release|Any CPU.ActiveCfg = Release|Any CPU
		{ED4A34A3-EB1F-4CBD-8556-9E19E547A5CF}.Release|Any CPU.Build.0 = Release|Any CPU
		{CEF14852-19C1-4971-8972-05BFBA3209E7}.Debug|Any CPU.ActiveCfg = Debug|Any CPU
		{CEF14852-19C1-4971-8972-05BFBA3209E7}.Debug|Any CPU.Build.0 = Debug|Any CPU
		{CEF14852-19C1-4971-8972-05BFBA3209E7}.Release|Any CPU.ActiveCfg = Release|Any CPU
		{CEF14852-19C1-4971-8972-05BFBA3209E7}.Release|Any CPU.Build.0 = Release|Any CPU
		{D0060093-AEB0-485A-8430-3B49B86433BE}.Debug|Any CPU.ActiveCfg = Debug|Any CPU
		{D0060093-AEB0-485A-8430-3B49B86433BE}.Debug|Any CPU.Build.0 = Debug|Any CPU
		{D0060093-AEB0-485A-8430-3B49B86433BE}.Release|Any CPU.ActiveCfg = Release|Any CPU
		{D0060093-AEB0-485A-8430-3B49B86433BE}.Release|Any CPU.Build.0 = Release|Any CPU
	EndGlobalSection
	GlobalSection(SolutionProperties) = preSolution
		HideSolutionNode = FALSE
	EndGlobalSection
	GlobalSection(ExtensibilityGlobals) = postSolution
		SolutionGuid = {5AF3BA5B-3082-4AE6-B466-0612B351F9C5}
	EndGlobalSection
EndGlobal
