
Microsoft Visual Studio Solution File, Format Version 12.00
# Visual Studio Version 16
VisualStudioVersion = 16.0.30011.22
MinimumVisualStudioVersion = 10.0.40219.1
Project("{9A19103F-16F7-4668-BE54-9A1E7A4F7556}") = "Consumer", "MainProject\Consumer.csproj", "{362F47A0-8479-4A0B-B56D-A3DC1B8ADDE3}"
EndProject
Project("{9A19103F-16F7-4668-BE54-9A1E7A4F7556}") = "Infra.Rebus", "Infra.Rebus\Infra.Rebus.csproj", "{E33FF6F3-E8A4-4538-830B-050D9186FE8C}"
EndProject
Project("{9A19103F-16F7-4668-BE54-9A1E7A4F7556}") = "Publisher", "Publisher\Publisher.csproj", "{68EDAC8C-1198-454D-B295-AC6F9440758D}"
EndProject
Project("{9A19103F-16F7-4668-BE54-9A1E7A4F7556}") = "rabbit-consumer", "rabbit-consumer\rabbit-consumer.csproj", "{AA5ADCF2-7A61-4AB7-8A45-F89A1590A930}"
EndProject
Project("{9A19103F-16F7-4668-BE54-9A1E7A4F7556}") = "rabbit-publisher", "rabbit-publisher\rabbit-publisher.csproj", "{139D99CD-E1B9-41C1-8B9F-ACCB5D6346C6}"
EndProject
Global
	GlobalSection(SolutionConfigurationPlatforms) = preSolution
		Debug|Any CPU = Debug|Any CPU
		Release|Any CPU = Release|Any CPU
	EndGlobalSection
	GlobalSection(ProjectConfigurationPlatforms) = postSolution
		{362F47A0-8479-4A0B-B56D-A3DC1B8ADDE3}.Debug|Any CPU.ActiveCfg = Debug|Any CPU
		{362F47A0-8479-4A0B-B56D-A3DC1B8ADDE3}.Debug|Any CPU.Build.0 = Debug|Any CPU
		{362F47A0-8479-4A0B-B56D-A3DC1B8ADDE3}.Release|Any CPU.ActiveCfg = Release|Any CPU
		{362F47A0-8479-4A0B-B56D-A3DC1B8ADDE3}.Release|Any CPU.Build.0 = Release|Any CPU
		{E33FF6F3-E8A4-4538-830B-050D9186FE8C}.Debug|Any CPU.ActiveCfg = Debug|Any CPU
		{E33FF6F3-E8A4-4538-830B-050D9186FE8C}.Debug|Any CPU.Build.0 = Debug|Any CPU
		{E33FF6F3-E8A4-4538-830B-050D9186FE8C}.Release|Any CPU.ActiveCfg = Release|Any CPU
		{E33FF6F3-E8A4-4538-830B-050D9186FE8C}.Release|Any CPU.Build.0 = Release|Any CPU
		{68EDAC8C-1198-454D-B295-AC6F9440758D}.Debug|Any CPU.ActiveCfg = Debug|Any CPU
		{68EDAC8C-1198-454D-B295-AC6F9440758D}.Debug|Any CPU.Build.0 = Debug|Any CPU
		{68EDAC8C-1198-454D-B295-AC6F9440758D}.Release|Any CPU.ActiveCfg = Release|Any CPU
		{68EDAC8C-1198-454D-B295-AC6F9440758D}.Release|Any CPU.Build.0 = Release|Any CPU
		{AA5ADCF2-7A61-4AB7-8A45-F89A1590A930}.Debug|Any CPU.ActiveCfg = Debug|Any CPU
		{AA5ADCF2-7A61-4AB7-8A45-F89A1590A930}.Debug|Any CPU.Build.0 = Debug|Any CPU
		{AA5ADCF2-7A61-4AB7-8A45-F89A1590A930}.Release|Any CPU.ActiveCfg = Release|Any CPU
		{AA5ADCF2-7A61-4AB7-8A45-F89A1590A930}.Release|Any CPU.Build.0 = Release|Any CPU
		{139D99CD-E1B9-41C1-8B9F-ACCB5D6346C6}.Debug|Any CPU.ActiveCfg = Debug|Any CPU
		{139D99CD-E1B9-41C1-8B9F-ACCB5D6346C6}.Debug|Any CPU.Build.0 = Debug|Any CPU
		{139D99CD-E1B9-41C1-8B9F-ACCB5D6346C6}.Release|Any CPU.ActiveCfg = Release|Any CPU
		{139D99CD-E1B9-41C1-8B9F-ACCB5D6346C6}.Release|Any CPU.Build.0 = Release|Any CPU
	EndGlobalSection
	GlobalSection(SolutionProperties) = preSolution
		HideSolutionNode = FALSE
	EndGlobalSection
	GlobalSection(ExtensibilityGlobals) = postSolution
		SolutionGuid = {B27488F4-450E-4BEB-8DF5-FB9633D6E9AB}
	EndGlobalSection
EndGlobal
