
Microsoft Visual Studio Solution File, Format Version 12.00
# Visual Studio Version 17
VisualStudioVersion = 17.1.32319.34
MinimumVisualStudioVersion = 10.0.40219.1
Project("{FAE04EC0-301F-11D3-BF4B-00C04F79EFBC}") = "RecordsTesting", "RecordsTesting\RecordsTesting.csproj", "{C83CD0EE-5FC6-41E9-BD7D-D3DAFF39822A}"
EndProject
Global
	GlobalSection(SolutionConfigurationPlatforms) = preSolution
		Debug|Any CPU = Debug|Any CPU
		Release|Any CPU = Release|Any CPU
	EndGlobalSection
	GlobalSection(ProjectConfigurationPlatforms) = postSolution
		{C83CD0EE-5FC6-41E9-BD7D-D3DAFF39822A}.Debug|Any CPU.ActiveCfg = Debug|Any CPU
		{C83CD0EE-5FC6-41E9-BD7D-D3DAFF39822A}.Debug|Any CPU.Build.0 = Debug|Any CPU
		{C83CD0EE-5FC6-41E9-BD7D-D3DAFF39822A}.Release|Any CPU.ActiveCfg = Release|Any CPU
		{C83CD0EE-5FC6-41E9-BD7D-D3DAFF39822A}.Release|Any CPU.Build.0 = Release|Any CPU
	EndGlobalSection
	GlobalSection(SolutionProperties) = preSolution
		HideSolutionNode = FALSE
	EndGlobalSection
	GlobalSection(ExtensibilityGlobals) = postSolution
		SolutionGuid = {EB058DA2-15F8-4DD0-AA95-606536ABA370}
	EndGlobalSection
EndGlobal
